// !$*UTF8*$!
{
	archiveVersion = 1;
	classes = {
	};
	objectVersion = 46;
	objects = {

/* Begin PBXBuildFile section */
		C7CC6A0B1E84211300319FB4 /* ViewController.swift in Sources */ = {isa = PBXBuildFile; fileRef = C7CC6A0A1E84211300319FB4 /* ViewController.swift */; };
		C7FC59C71E83884F0051CD10 /* AppDelegate.swift in Sources */ = {isa = PBXBuildFile; fileRef = C7FC59C61E83884F0051CD10 /* AppDelegate.swift */; };
		C7FC59CC1E83884F0051CD10 /* Main.storyboard in Resources */ = {isa = PBXBuildFile; fileRef = C7FC59CA1E83884F0051CD10 /* Main.storyboard */; };
		C7FC59CE1E83884F0051CD10 /* Assets.xcassets in Resources */ = {isa = PBXBuildFile; fileRef = C7FC59CD1E83884F0051CD10 /* Assets.xcassets */; };
		C7FC59D11E83884F0051CD10 /* LaunchScreen.storyboard in Resources */ = {isa = PBXBuildFile; fileRef = C7FC59CF1E83884F0051CD10 /* LaunchScreen.storyboard */; };
/* End PBXBuildFile section */

/* Begin PBXFileReference section */
		C7CC6A0A1E84211300319FB4 /* ViewController.swift */ = {isa = PBXFileReference; fileEncoding = 4; lastKnownFileType = sourcecode.swift; path = ViewController.swift; sourceTree = "<group>"; };
		C7FC59C31E83884F0051CD10 /* FBStreamAnimation.app */ = {isa = PBXFileReference; explicitFileType = wrapper.application; includeInIndex = 0; path = FBStreamAnimation.app; sourceTree = BUILT_PRODUCTS_DIR; };
		C7FC59C61E83884F0051CD10 /* AppDelegate.swift */ = {isa = PBXFileReference; lastKnownFileType = sourcecode.swift; path = AppDelegate.swift; sourceTree = "<group>"; };
		C7FC59CB1E83884F0051CD10 /* Base */ = {isa = PBXFileReference; lastKnownFileType = file.storyboard; name = Base; path = Base.lproj/Main.storyboard; sourceTree = "<group>"; };
		C7FC59CD1E83884F0051CD10 /* Assets.xcassets */ = {isa = PBXFileReference; lastKnownFileType = folder.assetcatalog; path = Assets.xcassets; sourceTree = "<group>"; };
		C7FC59D01E83884F0051CD10 /* Base */ = {isa = PBXFileReference; lastKnownFileType = file.storyboard; name = Base; path = Base.lproj/LaunchScreen.storyboard; sourceTree = "<group>"; };
		C7FC59D21E83884F0051CD10 /* Info.plist */ = {isa = PBXFileReference; lastKnownFileType = text.plist.xml; path = Info.plist; sourceTree = "<group>"; };
/* End PBXFileReference section */

/* Begin PBXFrameworksBuildPhase section */
		C7FC59C01E83884F0051CD10 /* Frameworks */ = {
			isa = PBXFrameworksBuildPhase;
			buildActionMask = 2147483647;
			files = (
			);
			runOnlyForDeploymentPostprocessing = 0;
		};
/* End PBXFrameworksBuildPhase section */

/* Begin PBXGroup section */
		C7FC59BA1E83884F0051CD10 = {
			isa = PBXGroup;
			children = (
				C7FC59C51E83884F0051CD10 /* FBStreamAnimation */,
				C7FC59C41E83884F0051CD10 /* Products */,
			);
			sourceTree = "<group>";
		};
		C7FC59C41E83884F0051CD10 /* Products */ = {
			isa = PBXGroup;
			children = (
				C7FC59C31E83884F0051CD10 /* FBStreamAnimation.app */,
			);
			name = Products;
			sourceTree = "<group>";
		};
		C7FC59C51E83884F0051CD10 /* FBStreamAnimation */ = {
			isa = PBXGroup;
			children = (
				C7FC59C61E83884F0051CD10 /* AppDelegate.swift */,
				C7CC6A0A1E84211300319FB4 /* ViewController.swift */,
				C7FC59CA1E83884F0051CD10 /* Main.storyboard */,
				C7FC59CD1E83884F0051CD10 /* Assets.xcassets */,
				C7FC59CF1E83884F0051CD10 /* LaunchScreen.storyboard */,
				C7FC59D21E83884F0051CD10 /* Info.plist */,
			);
			path = FBStreamAnimation;
			sourceTree = "<group>";
		};
/* End PBXGroup section */

/* Begin PBXNativeTarget section */
		C7FC59C21E83884F0051CD10 /* FBStreamAnimation */ = {
			isa = PBXNativeTarget;
			buildConfigurationList = C7FC59D51E83884F0051CD10 /* Build configuration list for PBXNativeTarget "FBStreamAnimation" */;
			buildPhases = (
				C7FC59BF1E83884F0051CD10 /* Sources */,
				C7FC59C01E83884F0051CD10 /* Frameworks */,
				C7FC59C11E83884F0051CD10 /* Resources */,
			);
			buildRules = (
			);
			dependencies = (
			);
			name = FBStreamAnimation;
			productName = FBStreamAnimation;
			productReference = C7FC59C31E83884F0051CD10 /* FBStreamAnimation.app */;
			productType = "com.apple.product-type.application";
		};
/* End PBXNativeTarget section */

/* Begin PBXProject section */
		C7FC59BB1E83884F0051CD10 /* Project object */ = {
			isa = PBXProject;
			attributes = {
				LastSwiftUpdateCheck = 0820;
				LastUpgradeCheck = 0820;
				ORGANIZATIONNAME = "Lets Build That App";
				TargetAttributes = {
					C7FC59C21E83884F0051CD10 = {
						CreatedOnToolsVersion = 8.2;
						DevelopmentTeam = TU4944T6UG;
						ProvisioningStyle = Automatic;
					};
				};
			};
			buildConfigurationList = C7FC59BE1E83884F0051CD10 /* Build configuration list for PBXProject "FBStreamAnimation" */;
			compatibilityVersion = "Xcode 3.2";
			developmentRegion = English;
			hasScannedForEncodings = 0;
			knownRegions = (
				en,
				Base,
			);
			mainGroup = C7FC59BA1E83884F0051CD10;
			productRefGroup = C7FC59C41E83884F0051CD10 /* Products */;
			projectDirPath = "";
			projectRoot = "";
			targets = (
				C7FC59C21E83884F0051CD10 /* FBStreamAnimation */,
			);
		};
/* End PBXProject section */

/* Begin PBXResourcesBuildPhase section */
		C7FC59C11E83884F0051CD10 /* Resources */ = {
			isa = PBXResourcesBuildPhase;
			buildActionMask = 2147483647;
			files = (
				C7FC59D11E83884F0051CD10 /* LaunchScreen.storyboard in Resources */,
				C7FC59CE1E83884F0051CD10 /* Assets.xcassets in Resources */,
				C7FC59CC1E83884F0051CD10 /* Main.storyboard in Resources */,
			);
			runOnlyForDeploymentPostprocessing = 0;
		};
/* End PBXResourcesBuildPhase section */

/* Begin PBXSourcesBuildPhase section */
		C7FC59BF1E83884F0051CD10 /* Sources */ = {
			isa = PBXSourcesBuildPhase;
			buildActionMask = 2147483647;
			files = (
				C7CC6A0B1E84211300319FB4 /* ViewController.swift in Sources */,
				C7FC59C71E83884F0051CD10 /* AppDelegate.swift in Sources */,
			);
			runOnlyForDeploymentPostprocessing = 0;
		};
/* End PBXSourcesBuildPhase section */

/* Begin PBXVariantGroup section */
		C7FC59CA1E83884F0051CD10 /* Main.storyboard */ = {
			isa = PBXVariantGroup;
			children = (
				C7FC59CB1E83884F0051CD10 /* Base */,
			);
			name = Main.storyboard;
			sourceTree = "<group>";
		};
		C7FC59CF1E83884F0051CD10 /* LaunchScreen.storyboard */ = {
			isa = PBXVariantGroup;
			children = (
				C7FC59D01E83884F0051CD10 /* Base */,
			);
			name = LaunchScreen.storyboard;
			sourceTree = "<group>";
		};
/* End PBXVariantGroup section */

/* Begin XCBuildConfiguration section */
		C7FC59D31E83884F0051CD10 /* Debug */ = {
			isa = XCBuildConfiguration;
			buildSettings = {
				ALWAYS_SEARCH_USER_PATHS = NO;
				CLANG_ANALYZER_NONNULL = YES;
				CLANG_CXX_LANGUAGE_STANDARD = "gnu++0x";
				CLANG_CXX_LIBRARY = "libc++";
				CLANG_ENABLE_MODULES = YES;
				CLANG_ENABLE_OBJC_ARC = YES;
				CLANG_WARN_BOOL_CONVERSION = YES;
				CLANG_WARN_CONSTANT_CONVERSION = YES;
				CLANG_WARN_DIRECT_OBJC_ISA_USAGE = YES_ERROR;
				CLANG_WARN_DOCUMENTATION_COMMENTS = YES;
				CLANG_WARN_EMPTY_BODY = YES;
				CLANG_WARN_ENUM_CONVERSION = YES;
				CLANG_WARN_INFINITE_RECURSION = YES;
				CLANG_WARN_INT_CONVERSION = YES;
				CLANG_WARN_OBJC_ROOT_CLASS = YES_ERROR;
				CLANG_WARN_SUSPICIOUS_MOVE = YES;
				CLANG_WARN_UNREACHABLE_CODE = YES;
				CLANG_WARN__DUPLICATE_METHOD_MATCH = YES;
				"CODE_SIGN_IDENTITY[sdk=iphoneos*]" = "iPhone Developer";
				COPY_PHASE_STRIP = NO;
				DEBUG_INFORMATION_FORMAT = dwarf;
				ENABLE_STRICT_OBJC_MSGSEND = YES;
				ENABLE_TESTABILITY = YES;
				GCC_C_LANGUAGE_STANDARD = gnu99;
				GCC_DYNAMIC_NO_PIC = NO;
				GCC_NO_COMMON_BLOCKS = YES;
				GCC_OPTIMIZATION_LEVEL = 0;
				GCC_PREPROCESSOR_DEFINITIONS = (
					"DEBUG=1",
					"$(inherited)",
				);
				GCC_WARN_64_TO_32_BIT_CONVERSION = YES;
				GCC_WARN_ABOUT_RETURN_TYPE = YES_ERROR;
				GCC_WARN_UNDECLARED_SELECTOR = YES;
				GCC_WARN_UNINITIALIZED_AUTOS = YES_AGGRESSIVE;
				GCC_WARN_UNUSED_FUNCTION = YES;
				GCC_WARN_UNUSED_VARIABLE = YES;
				IPHONEOS_DEPLOYMENT_TARGET = 10.2;
				MTL_ENABLE_DEBUG_INFO = YES;
				ONLY_ACTIVE_ARCH = YES;
				SDKROOT = iphoneos;
				SWIFT_ACTIVE_COMPILATION_CONDITIONS = DEBUG;
				SWIFT_OPTIMIZATION_LEVEL = "-Onone";
				TARGETED_DEVICE_FAMILY = "1,2";
			};
			name = Debug;
		};
		C7FC59D41E83884F0051CD10 /* Release */ = {
			isa = XCBuildConfiguration;
			buildSettings = {
				ALWAYS_SEARCH_USER_PATHS = NO;
				CLANG_ANALYZER_NONNULL = YES;
				CLANG_CXX_LANGUAGE_STANDARD = "gnu++0x";
				CLANG_CXX_LIBRARY = "libc++";
				CLANG_ENABLE_MODULES = YES;
				CLANG_ENABLE_OBJC_ARC = YES;
				CLANG_WARN_BOOL_CONVERSION = YES;
				CLANG_WARN_CONSTANT_CONVERSION = YES;
				CLANG_WARN_DIRECT_OBJC_ISA_USAGE = YES_ERROR;
				CLANG_WARN_DOCUMENTATION_COMMENTS = YES;
				CLANG_WARN_EMPTY_BODY = YES;
				CLANG_WARN_ENUM_CONVERSION = YES;
				CLANG_WARN_INFINITE_RECURSION = YES;
				CLANG_WARN_INT_CONVERSION = YES;
				CLANG_WARN_OBJC_ROOT_CLASS = YES_ERROR;
				CLANG_WARN_SUSPICIOUS_MOVE = YES;
				CLANG_WARN_UNREACHABLE_CODE = YES;
				CLANG_WARN__DUPLICATE_METHOD_MATCH = YES;
				"CODE_SIGN_IDENTITY[sdk=iphoneos*]" = "iPhone Developer";
				COPY_PHASE_STRIP = NO;
				DEBUG_INFORMATION_FORMAT = "dwarf-with-dsym";
				ENABLE_NS_ASSERTIONS = NO;
				ENABLE_STRICT_OBJC_MSGSEND = YES;
				GCC_C_LANGUAGE_STANDARD = gnu99;
				GCC_NO_COMMON_BLOCKS = YES;
				GCC_WARN_64_TO_32_BIT_CONVERSION = YES;
				GCC_WARN_ABOUT_RETURN_TYPE = YES_ERROR;
				GCC_WARN_UNDECLARED_SELECTOR = YES;
				GCC_WARN_UNINITIALIZED_AUTOS = YES_AGGRESSIVE;
				GCC_WARN_UNUSED_FUNCTION = YES;
				GCC_WARN_UNUSED_VARIABLE = YES;
				IPHONEOS_DEPLOYMENT_TARGET = 10.2;
				MTL_ENABLE_DEBUG_INFO = NO;
				SDKROOT = iphoneos;
				SWIFT_OPTIMIZATION_LEVEL = "-Owholemodule";
				TARGETED_DEVICE_FAMILY = "1,2";
				VALIDATE_PRODUCT = YES;
			};
			name = Release;
		};
		C7FC59D61E83884F0051CD10 /* Debug */ = {
			isa = XCBuildConfiguration;
			buildSettings = {
				ASSETCATALOG_COMPILER_APPICON_NAME = AppIcon;
				DEVELOPMENT_TEAM = TU4944T6UG;
				INFOPLIST_FILE = FBStreamAnimation/Info.plist;
				LD_RUNPATH_SEARCH_PATHS = "$(inherited) @executable_path/Frameworks";
				PRODUCT_BUNDLE_IDENTIFIER = com.letsbuildthatapp.FBStreamAnimation;
				PRODUCT_NAME = "$(TARGET_NAME)";
				SWIFT_VERSION = 3.0;
			};
			name = Debug;
		};
		C7FC59D71E83884F0051CD10 /* Release */ = {
			isa = XCBuildConfiguration;
			buildSettings = {
				ASSETCATALOG_COMPILER_APPICON_NAME = AppIcon;
				DEVELOPMENT_TEAM = TU4944T6UG;
				INFOPLIST_FILE = FBStreamAnimation/Info.plist;
				LD_RUNPATH_SEARCH_PATHS = "$(inherited) @executable_path/Frameworks";
				PRODUCT_BUNDLE_IDENTIFIER = com.letsbuildthatapp.FBStreamAnimation;
				PRODUCT_NAME = "$(TARGET_NAME)";
				SWIFT_VERSION = 3.0;
			};
			name = Release;
		};
/* End XCBuildConfiguration section */

/* Begin XCConfigurationList section */
		C7FC59BE1E83884F0051CD10 /* Build configuration list for PBXProject "FBStreamAnimation" */ = {
			isa = XCConfigurationList;
			buildConfigurations = (
				C7FC59D31E83884F0051CD10 /* Debug */,
				C7FC59D41E83884F0051CD10 /* Release */,
			);
			defaultConfigurationIsVisible = 0;
			defaultConfigurationName = Release;
		};
		C7FC59D51E83884F0051CD10 /* Build configuration list for PBXNativeTarget "FBStreamAnimation" */ = {
			isa = XCConfigurationList;
			buildConfigurations = (
				C7FC59D61E83884F0051CD10 /* Debug */,
				C7FC59D71E83884F0051CD10 /* Release */,
			);
			defaultConfigurationIsVisible = 0;
			defaultConfigurationName = Release;
		};
/* End XCConfigurationList section */
	};
	rootObject = C7FC59BB1E83884F0051CD10 /* Project object */;
}
