// !$*UTF8*$!
{
	archiveVersion = 1;
	classes = {
	};
	objectVersion = 46;
	objects = {

/* Begin PBXBuildFile section */
		C70156211D8DC3B0003E25AF /* Extensions.swift in Sources */ = {isa = PBXBuildFile; fileRef = C70156201D8DC3B0003E25AF /* Extensions.swift */; };
		C73A316F1D9B033F00C86C96 /* MainNavigationController.swift in Sources */ = {isa = PBXBuildFile; fileRef = C73A316E1D9B033F00C86C96 /* MainNavigationController.swift */; };
		C73A31971DA3064A00C86C96 /* HomeController.swift in Sources */ = {isa = PBXBuildFile; fileRef = C73A31961DA3064A00C86C96 /* HomeController.swift */; };
		C73A31991DA3078D00C86C96 /* UserDefaults+helpers.swift in Sources */ = {isa = PBXBuildFile; fileRef = C73A31981DA3078D00C86C96 /* UserDefaults+helpers.swift */; };
		C7A47C981D8E409C00E7BB0C /* LoginCell.swift in Sources */ = {isa = PBXBuildFile; fileRef = C7A47C971D8E409C00E7BB0C /* LoginCell.swift */; };
		C7B401FF1D78C167001D8ED4 /* AppDelegate.swift in Sources */ = {isa = PBXBuildFile; fileRef = C7B401FE1D78C167001D8ED4 /* AppDelegate.swift */; };
		C7B402011D78C167001D8ED4 /* LoginController.swift in Sources */ = {isa = PBXBuildFile; fileRef = C7B402001D78C167001D8ED4 /* LoginController.swift */; };
		C7B402041D78C167001D8ED4 /* Main.storyboard in Resources */ = {isa = PBXBuildFile; fileRef = C7B402021D78C167001D8ED4 /* Main.storyboard */; };
		C7B402061D78C167001D8ED4 /* Assets.xcassets in Resources */ = {isa = PBXBuildFile; fileRef = C7B402051D78C167001D8ED4 /* Assets.xcassets */; };
		C7B402091D78C167001D8ED4 /* LaunchScreen.storyboard in Resources */ = {isa = PBXBuildFile; fileRef = C7B402071D78C167001D8ED4 /* LaunchScreen.storyboard */; };
		C7B402111D78C404001D8ED4 /* PageCell.swift in Sources */ = {isa = PBXBuildFile; fileRef = C7B402101D78C404001D8ED4 /* PageCell.swift */; };
		C7B402191D7A4C8A001D8ED4 /* Page.swift in Sources */ = {isa = PBXBuildFile; fileRef = C7B402181D7A4C8A001D8ED4 /* Page.swift */; };
/* End PBXBuildFile section */

/* Begin PBXFileReference section */
		C70156201D8DC3B0003E25AF /* Extensions.swift */ = {isa = PBXFileReference; fileEncoding = 4; lastKnownFileType = sourcecode.swift; path = Extensions.swift; sourceTree = "<group>"; };
		C73A316E1D9B033F00C86C96 /* MainNavigationController.swift */ = {isa = PBXFileReference; fileEncoding = 4; lastKnownFileType = sourcecode.swift; path = MainNavigationController.swift; sourceTree = "<group>"; };
		C73A31961DA3064A00C86C96 /* HomeController.swift */ = {isa = PBXFileReference; fileEncoding = 4; lastKnownFileType = sourcecode.swift; path = HomeController.swift; sourceTree = "<group>"; };
		C73A31981DA3078D00C86C96 /* UserDefaults+helpers.swift */ = {isa = PBXFileReference; fileEncoding = 4; lastKnownFileType = sourcecode.swift; path = "UserDefaults+helpers.swift"; sourceTree = "<group>"; };
		C7A47C971D8E409C00E7BB0C /* LoginCell.swift */ = {isa = PBXFileReference; fileEncoding = 4; lastKnownFileType = sourcecode.swift; path = LoginCell.swift; sourceTree = "<group>"; };
		C7B401FB1D78C167001D8ED4 /* audible.app */ = {isa = PBXFileReference; explicitFileType = wrapper.application; includeInIndex = 0; path = audible.app; sourceTree = BUILT_PRODUCTS_DIR; };
		C7B401FE1D78C167001D8ED4 /* AppDelegate.swift */ = {isa = PBXFileReference; lastKnownFileType = sourcecode.swift; path = AppDelegate.swift; sourceTree = "<group>"; };
		C7B402001D78C167001D8ED4 /* LoginController.swift */ = {isa = PBXFileReference; lastKnownFileType = sourcecode.swift; path = LoginController.swift; sourceTree = "<group>"; };
		C7B402031D78C167001D8ED4 /* Base */ = {isa = PBXFileReference; lastKnownFileType = file.storyboard; name = Base; path = Base.lproj/Main.storyboard; sourceTree = "<group>"; };
		C7B402051D78C167001D8ED4 /* Assets.xcassets */ = {isa = PBXFileReference; lastKnownFileType = folder.assetcatalog; path = Assets.xcassets; sourceTree = "<group>"; };
		C7B402081D78C167001D8ED4 /* Base */ = {isa = PBXFileReference; lastKnownFileType = file.storyboard; name = Base; path = Base.lproj/LaunchScreen.storyboard; sourceTree = "<group>"; };
		C7B4020A1D78C167001D8ED4 /* Info.plist */ = {isa = PBXFileReference; lastKnownFileType = text.plist.xml; path = Info.plist; sourceTree = "<group>"; };
		C7B402101D78C404001D8ED4 /* PageCell.swift */ = {isa = PBXFileReference; fileEncoding = 4; lastKnownFileType = sourcecode.swift; path = PageCell.swift; sourceTree = "<group>"; };
		C7B402181D7A4C8A001D8ED4 /* Page.swift */ = {isa = PBXFileReference; fileEncoding = 4; lastKnownFileType = sourcecode.swift; path = Page.swift; sourceTree = "<group>"; };
/* End PBXFileReference section */

/* Begin PBXFrameworksBuildPhase section */
		C7B401F81D78C167001D8ED4 /* Frameworks */ = {
			isa = PBXFrameworksBuildPhase;
			buildActionMask = 2147483647;
			files = (
			);
			runOnlyForDeploymentPostprocessing = 0;
		};
/* End PBXFrameworksBuildPhase section */

/* Begin PBXGroup section */
		C7B401F21D78C167001D8ED4 = {
			isa = PBXGroup;
			children = (
				C7B401FD1D78C167001D8ED4 /* audible */,
				C7B401FC1D78C167001D8ED4 /* Products */,
			);
			sourceTree = "<group>";
		};
		C7B401FC1D78C167001D8ED4 /* Products */ = {
			isa = PBXGroup;
			children = (
				C7B401FB1D78C167001D8ED4 /* audible.app */,
			);
			name = Products;
			sourceTree = "<group>";
		};
		C7B401FD1D78C167001D8ED4 /* audible */ = {
			isa = PBXGroup;
			children = (
				C7B401FE1D78C167001D8ED4 /* AppDelegate.swift */,
				C7B402001D78C167001D8ED4 /* LoginController.swift */,
				C7B402021D78C167001D8ED4 /* Main.storyboard */,
				C7B402051D78C167001D8ED4 /* Assets.xcassets */,
				C7B402071D78C167001D8ED4 /* LaunchScreen.storyboard */,
				C7B4020A1D78C167001D8ED4 /* Info.plist */,
				C7B402101D78C404001D8ED4 /* PageCell.swift */,
				C7B402181D7A4C8A001D8ED4 /* Page.swift */,
				C70156201D8DC3B0003E25AF /* Extensions.swift */,
				C7A47C971D8E409C00E7BB0C /* LoginCell.swift */,
				C73A316E1D9B033F00C86C96 /* MainNavigationController.swift */,
				C73A31961DA3064A00C86C96 /* HomeController.swift */,
				C73A31981DA3078D00C86C96 /* UserDefaults+helpers.swift */,
			);
			path = audible;
			sourceTree = "<group>";
		};
/* End PBXGroup section */

/* Begin PBXNativeTarget section */
		C7B401FA1D78C167001D8ED4 /* audible */ = {
			isa = PBXNativeTarget;
			buildConfigurationList = C7B4020D1D78C167001D8ED4 /* Build configuration list for PBXNativeTarget "audible" */;
			buildPhases = (
				C7B401F71D78C167001D8ED4 /* Sources */,
				C7B401F81D78C167001D8ED4 /* Frameworks */,
				C7B401F91D78C167001D8ED4 /* Resources */,
			);
			buildRules = (
			);
			dependencies = (
			);
			name = audible;
			productName = audible;
			productReference = C7B401FB1D78C167001D8ED4 /* audible.app */;
			productType = "com.apple.product-type.application";
		};
/* End PBXNativeTarget section */

/* Begin PBXProject section */
		C7B401F31D78C167001D8ED4 /* Project object */ = {
			isa = PBXProject;
			attributes = {
				LastSwiftUpdateCheck = 0730;
				LastUpgradeCheck = 0800;
				ORGANIZATIONNAME = "Lets Build That App";
				TargetAttributes = {
					C7B401FA1D78C167001D8ED4 = {
						CreatedOnToolsVersion = 7.3.1;
						LastSwiftMigration = 0800;
					};
				};
			};
			buildConfigurationList = C7B401F61D78C167001D8ED4 /* Build configuration list for PBXProject "audible" */;
			compatibilityVersion = "Xcode 3.2";
			developmentRegion = English;
			hasScannedForEncodings = 0;
			knownRegions = (
				en,
				Base,
			);
			mainGroup = C7B401F21D78C167001D8ED4;
			productRefGroup = C7B401FC1D78C167001D8ED4 /* Products */;
			projectDirPath = "";
			projectRoot = "";
			targets = (
				C7B401FA1D78C167001D8ED4 /* audible */,
			);
		};
/* End PBXProject section */

/* Begin PBXResourcesBuildPhase section */
		C7B401F91D78C167001D8ED4 /* Resources */ = {
			isa = PBXResourcesBuildPhase;
			buildActionMask = 2147483647;
			files = (
				C7B402091D78C167001D8ED4 /* LaunchScreen.storyboard in Resources */,
				C7B402061D78C167001D8ED4 /* Assets.xcassets in Resources */,
				C7B402041D78C167001D8ED4 /* Main.storyboard in Resources */,
			);
			runOnlyForDeploymentPostprocessing = 0;
		};
/* End PBXResourcesBuildPhase section */

/* Begin PBXSourcesBuildPhase section */
		C7B401F71D78C167001D8ED4 /* Sources */ = {
			isa = PBXSourcesBuildPhase;
			buildActionMask = 2147483647;
			files = (
				C70156211D8DC3B0003E25AF /* Extensions.swift in Sources */,
				C7B402011D78C167001D8ED4 /* LoginController.swift in Sources */,
				C7B401FF1D78C167001D8ED4 /* AppDelegate.swift in Sources */,
				C7B402191D7A4C8A001D8ED4 /* Page.swift in Sources */,
				C73A31971DA3064A00C86C96 /* HomeController.swift in Sources */,
				C73A316F1D9B033F00C86C96 /* MainNavigationController.swift in Sources */,
				C7B402111D78C404001D8ED4 /* PageCell.swift in Sources */,
				C7A47C981D8E409C00E7BB0C /* LoginCell.swift in Sources */,
				C73A31991DA3078D00C86C96 /* UserDefaults+helpers.swift in Sources */,
			);
			runOnlyForDeploymentPostprocessing = 0;
		};
/* End PBXSourcesBuildPhase section */

/* Begin PBXVariantGroup section */
		C7B402021D78C167001D8ED4 /* Main.storyboard */ = {
			isa = PBXVariantGroup;
			children = (
				C7B402031D78C167001D8ED4 /* Base */,
			);
			name = Main.storyboard;
			sourceTree = "<group>";
		};
		C7B402071D78C167001D8ED4 /* LaunchScreen.storyboard */ = {
			isa = PBXVariantGroup;
			children = (
				C7B402081D78C167001D8ED4 /* Base */,
			);
			name = LaunchScreen.storyboard;
			sourceTree = "<group>";
		};
/* End PBXVariantGroup section */

/* Begin XCBuildConfiguration section */
		C7B4020B1D78C167001D8ED4 /* Debug */ = {
			isa = XCBuildConfiguration;
			buildSettings = {
				ALWAYS_SEARCH_USER_PATHS = NO;
				CLANG_ANALYZER_NONNULL = YES;
				CLANG_CXX_LANGUAGE_STANDARD = "gnu++0x";
				CLANG_CXX_LIBRARY = "libc++";
				CLANG_ENABLE_MODULES = YES;
				CLANG_ENABLE_OBJC_ARC = YES;
				CLANG_WARN_BOOL_CONVERSION = YES;
				CLANG_WARN_CONSTANT_CONVERSION = YES;
				CLANG_WARN_DIRECT_OBJC_ISA_USAGE = YES_ERROR;
				CLANG_WARN_EMPTY_BODY = YES;
				CLANG_WARN_ENUM_CONVERSION = YES;
				CLANG_WARN_INFINITE_RECURSION = YES;
				CLANG_WARN_INT_CONVERSION = YES;
				CLANG_WARN_OBJC_ROOT_CLASS = YES_ERROR;
				CLANG_WARN_SUSPICIOUS_MOVE = YES;
				CLANG_WARN_UNREACHABLE_CODE = YES;
				CLANG_WARN__DUPLICATE_METHOD_MATCH = YES;
				"CODE_SIGN_IDENTITY[sdk=iphoneos*]" = "iPhone Developer";
				COPY_PHASE_STRIP = NO;
				DEBUG_INFORMATION_FORMAT = dwarf;
				ENABLE_STRICT_OBJC_MSGSEND = YES;
				ENABLE_TESTABILITY = YES;
				GCC_C_LANGUAGE_STANDARD = gnu99;
				GCC_DYNAMIC_NO_PIC = NO;
				GCC_NO_COMMON_BLOCKS = YES;
				GCC_OPTIMIZATION_LEVEL = 0;
				GCC_PREPROCESSOR_DEFINITIONS = (
					"DEBUG=1",
					"$(inherited)",
				);
				GCC_WARN_64_TO_32_BIT_CONVERSION = YES;
				GCC_WARN_ABOUT_RETURN_TYPE = YES_ERROR;
				GCC_WARN_UNDECLARED_SELECTOR = YES;
				GCC_WARN_UNINITIALIZED_AUTOS = YES_AGGRESSIVE;
				GCC_WARN_UNUSED_FUNCTION = YES;
				GCC_WARN_UNUSED_VARIABLE = YES;
				IPHONEOS_DEPLOYMENT_TARGET = 9.3;
				MTL_ENABLE_DEBUG_INFO = YES;
				ONLY_ACTIVE_ARCH = YES;
				SDKROOT = iphoneos;
				SWIFT_OPTIMIZATION_LEVEL = "-Onone";
				TARGETED_DEVICE_FAMILY = "1,2";
			};
			name = Debug;
		};
		C7B4020C1D78C167001D8ED4 /* Release */ = {
			isa = XCBuildConfiguration;
			buildSettings = {
				ALWAYS_SEARCH_USER_PATHS = NO;
				CLANG_ANALYZER_NONNULL = YES;
				CLANG_CXX_LANGUAGE_STANDARD = "gnu++0x";
				CLANG_CXX_LIBRARY = "libc++";
				CLANG_ENABLE_MODULES = YES;
				CLANG_ENABLE_OBJC_ARC = YES;
				CLANG_WARN_BOOL_CONVERSION = YES;
				CLANG_WARN_CONSTANT_CONVERSION = YES;
				CLANG_WARN_DIRECT_OBJC_ISA_USAGE = YES_ERROR;
				CLANG_WARN_EMPTY_BODY = YES;
				CLANG_WARN_ENUM_CONVERSION = YES;
				CLANG_WARN_INFINITE_RECURSION = YES;
				CLANG_WARN_INT_CONVERSION = YES;
				CLANG_WARN_OBJC_ROOT_CLASS = YES_ERROR;
				CLANG_WARN_SUSPICIOUS_MOVE = YES;
				CLANG_WARN_UNREACHABLE_CODE = YES;
				CLANG_WARN__DUPLICATE_METHOD_MATCH = YES;
				"CODE_SIGN_IDENTITY[sdk=iphoneos*]" = "iPhone Developer";
				COPY_PHASE_STRIP = NO;
				DEBUG_INFORMATION_FORMAT = "dwarf-with-dsym";
				ENABLE_NS_ASSERTIONS = NO;
				ENABLE_STRICT_OBJC_MSGSEND = YES;
				GCC_C_LANGUAGE_STANDARD = gnu99;
				GCC_NO_COMMON_BLOCKS = YES;
				GCC_WARN_64_TO_32_BIT_CONVERSION = YES;
				GCC_WARN_ABOUT_RETURN_TYPE = YES_ERROR;
				GCC_WARN_UNDECLARED_SELECTOR = YES;
				GCC_WARN_UNINITIALIZED_AUTOS = YES_AGGRESSIVE;
				GCC_WARN_UNUSED_FUNCTION = YES;
				GCC_WARN_UNUSED_VARIABLE = YES;
				IPHONEOS_DEPLOYMENT_TARGET = 9.3;
				MTL_ENABLE_DEBUG_INFO = NO;
				SDKROOT = iphoneos;
				SWIFT_OPTIMIZATION_LEVEL = "-Owholemodule";
				TARGETED_DEVICE_FAMILY = "1,2";
				VALIDATE_PRODUCT = YES;
			};
			name = Release;
		};
		C7B4020E1D78C167001D8ED4 /* Debug */ = {
			isa = XCBuildConfiguration;
			buildSettings = {
				ASSETCATALOG_COMPILER_APPICON_NAME = AppIcon;
				INFOPLIST_FILE = audible/Info.plist;
				LD_RUNPATH_SEARCH_PATHS = "$(inherited) @executable_path/Frameworks";
				PRODUCT_BUNDLE_IDENTIFIER = com.letsbuildthatapp.audible;
				PRODUCT_NAME = "$(TARGET_NAME)";
				SWIFT_VERSION = 3.0;
			};
			name = Debug;
		};
		C7B4020F1D78C167001D8ED4 /* Release */ = {
			isa = XCBuildConfiguration;
			buildSettings = {
				ASSETCATALOG_COMPILER_APPICON_NAME = AppIcon;
				INFOPLIST_FILE = audible/Info.plist;
				LD_RUNPATH_SEARCH_PATHS = "$(inherited) @executable_path/Frameworks";
				PRODUCT_BUNDLE_IDENTIFIER = com.letsbuildthatapp.audible;
				PRODUCT_NAME = "$(TARGET_NAME)";
				SWIFT_VERSION = 3.0;
			};
			name = Release;
		};
/* End XCBuildConfiguration section */

/* Begin XCConfigurationList section */
		C7B401F61D78C167001D8ED4 /* Build configuration list for PBXProject "audible" */ = {
			isa = XCConfigurationList;
			buildConfigurations = (
				C7B4020B1D78C167001D8ED4 /* Debug */,
				C7B4020C1D78C167001D8ED4 /* Release */,
			);
			defaultConfigurationIsVisible = 0;
			defaultConfigurationName = Release;
		};
		C7B4020D1D78C167001D8ED4 /* Build configuration list for PBXNativeTarget "audible" */ = {
			isa = XCConfigurationList;
			buildConfigurations = (
				C7B4020E1D78C167001D8ED4 /* Debug */,
				C7B4020F1D78C167001D8ED4 /* Release */,
			);
			defaultConfigurationIsVisible = 0;
			defaultConfigurationName = Release;
		};
/* End XCConfigurationList section */
	};
	rootObject = C7B401F31D78C167001D8ED4 /* Project object */;
}
